
Microsoft Visual Studio Solution File, Format Version 12.00
# Visual Studio Version 17
VisualStudioVersion = 17.9.34622.214
MinimumVisualStudioVersion = 10.0.40219.1
Project("{FAE04EC0-301F-11D3-BF4B-00C04F79EFBC}") = "RanNetwork", "RanNetwork.csproj", "{5A401E7D-1A91-4E47-A53E-0582F4B1EEF1}"
EndProject
Global
	GlobalSection(SolutionConfigurationPlatforms) = preSolution
		Debug|Any CPU = Debug|Any CPU
		Release|Any CPU = Release|Any CPU
	EndGlobalSection
	GlobalSection(ProjectConfigurationPlatforms) = postSolution
		{5A401E7D-1A91-4E47-A53E-0582F4B1EEF1}.Debug|Any CPU.ActiveCfg = Debug|Any CPU
		{5A401E7D-1A91-4E47-A53E-0582F4B1EEF1}.Debug|Any CPU.Build.0 = Debug|Any CPU
		{5A401E7D-1A91-4E47-A53E-0582F4B1EEF1}.Release|Any CPU.ActiveCfg = Release|Any CPU
		{5A401E7D-1A91-4E47-A53E-0582F4B1EEF1}.Release|Any CPU.Build.0 = Release|Any CPU
	EndGlobalSection
	GlobalSection(SolutionProperties) = preSolution
		HideSolutionNode = FALSE
	EndGlobalSection
	GlobalSection(ExtensibilityGlobals) = postSolution
		SolutionGuid = {C9234D37-2DDA-4059-87D2-4340DEA18F80}
	EndGlobalSection
EndGlobal
